
Microsoft Visual Studio Solution File, Format Version 12.00
# Visual Studio Version 17
VisualStudioVersion = 17.6.33829.357
MinimumVisualStudioVersion = 10.0.40219.1
Project("{FAE04EC0-301F-11D3-BF4B-00C04F79EFBC}") = "SpartaDungeon", "SpartaDungeon\SpartaDungeon.csproj", "{B1BCE4F6-9A32-4BFE-A0D6-13CB775BA5B5}"
EndProject
Global
	GlobalSection(SolutionConfigurationPlatforms) = preSolution
		Debug|Any CPU = Debug|Any CPU
		Release|Any CPU = Release|Any CPU
	EndGlobalSection
	GlobalSection(ProjectConfigurationPlatforms) = postSolution
		{B1BCE4F6-9A32-4BFE-A0D6-13CB775BA5B5}.Debug|Any CPU.ActiveCfg = Debug|Any CPU
		{B1BCE4F6-9A32-4BFE-A0D6-13CB775BA5B5}.Debug|Any CPU.Build.0 = Debug|Any CPU
		{B1BCE4F6-9A32-4BFE-A0D6-13CB775BA5B5}.Release|Any CPU.ActiveCfg = Release|Any CPU
		{B1BCE4F6-9A32-4BFE-A0D6-13CB775BA5B5}.Release|Any CPU.Build.0 = Release|Any CPU
	EndGlobalSection
	GlobalSection(SolutionProperties) = preSolution
		HideSolutionNode = FALSE
	EndGlobalSection
	GlobalSection(ExtensibilityGlobals) = postSolution
		SolutionGuid = {F2B88966-E5C5-47B2-A901-FE7561E5904B}
	EndGlobalSection
EndGlobal
